// !$*UTF8*$!
{
	archiveVersion = 1;
	classes = {
	};
	objectVersion = 56;
	objects = {

/* Begin PBXBuildFile section */
		ACE52B462B1821B700F2D926 /* SwiftWorkshopOneApp.swift in Sources */ = {isa = PBXBuildFile; fileRef = ACE52B452B1821B700F2D926 /* SwiftWorkshopOneApp.swift */; };
		ACE52B482B1821B700F2D926 /* ContentView.swift in Sources */ = {isa = PBXBuildFile; fileRef = ACE52B472B1821B700F2D926 /* ContentView.swift */; };
		ACE52B4A2B1821B800F2D926 /* Assets.xcassets in Resources */ = {isa = PBXBuildFile; fileRef = ACE52B492B1821B800F2D926 /* Assets.xcassets */; };
		ACE52B4E2B1821B800F2D926 /* Preview Assets.xcassets in Resources */ = {isa = PBXBuildFile; fileRef = ACE52B4D2B1821B800F2D926 /* Preview Assets.xcassets */; };
		ACE52B582B1821B800F2D926 /* SwiftWorkshopOneTests.swift in Sources */ = {isa = PBXBuildFile; fileRef = ACE52B572B1821B800F2D926 /* SwiftWorkshopOneTests.swift */; };
		ACE52B622B1821B800F2D926 /* SwiftWorkshopOneUITests.swift in Sources */ = {isa = PBXBuildFile; fileRef = ACE52B612B1821B800F2D926 /* SwiftWorkshopOneUITests.swift */; };
		ACE52B642B1821B800F2D926 /* SwiftWorkshopOneUITestsLaunchTests.swift in Sources */ = {isa = PBXBuildFile; fileRef = ACE52B632B1821B800F2D926 /* SwiftWorkshopOneUITestsLaunchTests.swift */; };
/* End PBXBuildFile section */

/* Begin PBXContainerItemProxy section */
		ACE52B542B1821B800F2D926 /* PBXContainerItemProxy */ = {
			isa = PBXContainerItemProxy;
			containerPortal = ACE52B3A2B1821B700F2D926 /* Project object */;
			proxyType = 1;
			remoteGlobalIDString = ACE52B412B1821B700F2D926;
			remoteInfo = SwiftWorkshopOne;
		};
		ACE52B5E2B1821B800F2D926 /* PBXContainerItemProxy */ = {
			isa = PBXContainerItemProxy;
			containerPortal = ACE52B3A2B1821B700F2D926 /* Project object */;
			proxyType = 1;
			remoteGlobalIDString = ACE52B412B1821B700F2D926;
			remoteInfo = SwiftWorkshopOne;
		};
/* End PBXContainerItemProxy section */

/* Begin PBXFileReference section */
		AC638FAD2B1823FE00453AED /* SwiftPackageWorkshopOne */ = {isa = PBXFileReference; lastKnownFileType = wrapper; name = SwiftPackageWorkshopOne; path = ../SwiftPackageWorkshopOne; sourceTree = "<group>"; };
		ACE52B422B1821B700F2D926 /* SwiftWorkshopOne.app */ = {isa = PBXFileReference; explicitFileType = wrapper.application; includeInIndex = 0; path = SwiftWorkshopOne.app; sourceTree = BUILT_PRODUCTS_DIR; };
		ACE52B452B1821B700F2D926 /* SwiftWorkshopOneApp.swift */ = {isa = PBXFileReference; lastKnownFileType = sourcecode.swift; path = SwiftWorkshopOneApp.swift; sourceTree = "<group>"; };
		ACE52B472B1821B700F2D926 /* ContentView.swift */ = {isa = PBXFileReference; lastKnownFileType = sourcecode.swift; path = ContentView.swift; sourceTree = "<group>"; };
		ACE52B492B1821B800F2D926 /* Assets.xcassets */ = {isa = PBXFileReference; lastKnownFileType = folder.assetcatalog; path = Assets.xcassets; sourceTree = "<group>"; };
		ACE52B4B2B1821B800F2D926 /* SwiftWorkshopOne.entitlements */ = {isa = PBXFileReference; lastKnownFileType = text.plist.entitlements; path = SwiftWorkshopOne.entitlements; sourceTree = "<group>"; };
		ACE52B4D2B1821B800F2D926 /* Preview Assets.xcassets */ = {isa = PBXFileReference; lastKnownFileType = folder.assetcatalog; path = "Preview Assets.xcassets"; sourceTree = "<group>"; };
		ACE52B532B1821B800F2D926 /* SwiftWorkshopOneTests.xctest */ = {isa = PBXFileReference; explicitFileType = wrapper.cfbundle; includeInIndex = 0; path = SwiftWorkshopOneTests.xctest; sourceTree = BUILT_PRODUCTS_DIR; };
		ACE52B572B1821B800F2D926 /* SwiftWorkshopOneTests.swift */ = {isa = PBXFileReference; lastKnownFileType = sourcecode.swift; path = SwiftWorkshopOneTests.swift; sourceTree = "<group>"; };
		ACE52B5D2B1821B800F2D926 /* SwiftWorkshopOneUITests.xctest */ = {isa = PBXFileReference; explicitFileType = wrapper.cfbundle; includeInIndex = 0; path = SwiftWorkshopOneUITests.xctest; sourceTree = BUILT_PRODUCTS_DIR; };
		ACE52B612B1821B800F2D926 /* SwiftWorkshopOneUITests.swift */ = {isa = PBXFileReference; lastKnownFileType = sourcecode.swift; path = SwiftWorkshopOneUITests.swift; sourceTree = "<group>"; };
		ACE52B632B1821B800F2D926 /* SwiftWorkshopOneUITestsLaunchTests.swift */ = {isa = PBXFileReference; lastKnownFileType = sourcecode.swift; path = SwiftWorkshopOneUITestsLaunchTests.swift; sourceTree = "<group>"; };
/* End PBXFileReference section */

/* Begin PBXFrameworksBuildPhase section */
		ACE52B3F2B1821B700F2D926 /* Frameworks */ = {
			isa = PBXFrameworksBuildPhase;
			buildActionMask = 2147483647;
			files = (
			);
			runOnlyForDeploymentPostprocessing = 0;
		};
		ACE52B502B1821B800F2D926 /* Frameworks */ = {
			isa = PBXFrameworksBuildPhase;
			buildActionMask = 2147483647;
			files = (
			);
			runOnlyForDeploymentPostprocessing = 0;
		};
		ACE52B5A2B1821B800F2D926 /* Frameworks */ = {
			isa = PBXFrameworksBuildPhase;
			buildActionMask = 2147483647;
			files = (
			);
			runOnlyForDeploymentPostprocessing = 0;
		};
/* End PBXFrameworksBuildPhase section */

/* Begin PBXGroup section */
		ACE52B392B1821B700F2D926 = {
			isa = PBXGroup;
			children = (
				ACE52B702B1821D500F2D926 /* Packages */,
				ACE52B442B1821B700F2D926 /* SwiftWorkshopOne */,
				ACE52B562B1821B800F2D926 /* SwiftWorkshopOneTests */,
				ACE52B602B1821B800F2D926 /* SwiftWorkshopOneUITests */,
				ACE52B432B1821B700F2D926 /* Products */,
			);
			sourceTree = "<group>";
		};
		ACE52B432B1821B700F2D926 /* Products */ = {
			isa = PBXGroup;
			children = (
				ACE52B422B1821B700F2D926 /* SwiftWorkshopOne.app */,
				ACE52B532B1821B800F2D926 /* SwiftWorkshopOneTests.xctest */,
				ACE52B5D2B1821B800F2D926 /* SwiftWorkshopOneUITests.xctest */,
			);
			name = Products;
			sourceTree = "<group>";
		};
		ACE52B442B1821B700F2D926 /* SwiftWorkshopOne */ = {
			isa = PBXGroup;
			children = (
				ACE52B452B1821B700F2D926 /* SwiftWorkshopOneApp.swift */,
				ACE52B472B1821B700F2D926 /* ContentView.swift */,
				ACE52B492B1821B800F2D926 /* Assets.xcassets */,
				ACE52B4B2B1821B800F2D926 /* SwiftWorkshopOne.entitlements */,
				ACE52B4C2B1821B800F2D926 /* Preview Content */,
			);
			path = SwiftWorkshopOne;
			sourceTree = "<group>";
		};
		ACE52B4C2B1821B800F2D926 /* Preview Content */ = {
			isa = PBXGroup;
			children = (
				ACE52B4D2B1821B800F2D926 /* Preview Assets.xcassets */,
			);
			path = "Preview Content";
			sourceTree = "<group>";
		};
		ACE52B562B1821B800F2D926 /* SwiftWorkshopOneTests */ = {
			isa = PBXGroup;
			children = (
				ACE52B572B1821B800F2D926 /* SwiftWorkshopOneTests.swift */,
			);
			path = SwiftWorkshopOneTests;
			sourceTree = "<group>";
		};
		ACE52B602B1821B800F2D926 /* SwiftWorkshopOneUITests */ = {
			isa = PBXGroup;
			children = (
				ACE52B612B1821B800F2D926 /* SwiftWorkshopOneUITests.swift */,
				ACE52B632B1821B800F2D926 /* SwiftWorkshopOneUITestsLaunchTests.swift */,
			);
			path = SwiftWorkshopOneUITests;
			sourceTree = "<group>";
		};
		ACE52B702B1821D500F2D926 /* Packages */ = {
			isa = PBXGroup;
			children = (
				AC638FAD2B1823FE00453AED /* SwiftPackageWorkshopOne */,
			);
			name = Packages;
			sourceTree = "<group>";
		};
/* End PBXGroup section */

/* Begin PBXNativeTarget section */
		ACE52B412B1821B700F2D926 /* SwiftWorkshopOne */ = {
			isa = PBXNativeTarget;
			buildConfigurationList = ACE52B672B1821B800F2D926 /* Build configuration list for PBXNativeTarget "SwiftWorkshopOne" */;
			buildPhases = (
				ACE52B3E2B1821B700F2D926 /* Sources */,
				ACE52B3F2B1821B700F2D926 /* Frameworks */,
				ACE52B402B1821B700F2D926 /* Resources */,
			);
			buildRules = (
			);
			dependencies = (
			);
			name = SwiftWorkshopOne;
			productName = SwiftWorkshopOne;
			productReference = ACE52B422B1821B700F2D926 /* SwiftWorkshopOne.app */;
			productType = "com.apple.product-type.application";
		};
		ACE52B522B1821B800F2D926 /* SwiftWorkshopOneTests */ = {
			isa = PBXNativeTarget;
			buildConfigurationList = ACE52B6A2B1821B800F2D926 /* Build configuration list for PBXNativeTarget "SwiftWorkshopOneTests" */;
			buildPhases = (
				ACE52B4F2B1821B800F2D926 /* Sources */,
				ACE52B502B1821B800F2D926 /* Frameworks */,
				ACE52B512B1821B800F2D926 /* Resources */,
			);
			buildRules = (
			);
			dependencies = (
				ACE52B552B1821B800F2D926 /* PBXTargetDependency */,
			);
			name = SwiftWorkshopOneTests;
			productName = SwiftWorkshopOneTests;
			productReference = ACE52B532B1821B800F2D926 /* SwiftWorkshopOneTests.xctest */;
			productType = "com.apple.product-type.bundle.unit-test";
		};
		ACE52B5C2B1821B800F2D926 /* SwiftWorkshopOneUITests */ = {
			isa = PBXNativeTarget;
			buildConfigurationList = ACE52B6D2B1821B800F2D926 /* Build configuration list for PBXNativeTarget "SwiftWorkshopOneUITests" */;
			buildPhases = (
				ACE52B592B1821B800F2D926 /* Sources */,
				ACE52B5A2B1821B800F2D926 /* Frameworks */,
				ACE52B5B2B1821B800F2D926 /* Resources */,
			);
			buildRules = (
			);
			dependencies = (
				ACE52B5F2B1821B800F2D926 /* PBXTargetDependency */,
			);
			name = SwiftWorkshopOneUITests;
			productName = SwiftWorkshopOneUITests;
			productReference = ACE52B5D2B1821B800F2D926 /* SwiftWorkshopOneUITests.xctest */;
			productType = "com.apple.product-type.bundle.ui-testing";
		};
/* End PBXNativeTarget section */

/* Begin PBXProject section */
		ACE52B3A2B1821B700F2D926 /* Project object */ = {
			isa = PBXProject;
			attributes = {
				BuildIndependentTargetsInParallel = 1;
				LastSwiftUpdateCheck = 1420;
				LastUpgradeCheck = 1420;
				TargetAttributes = {
					ACE52B412B1821B700F2D926 = {
						CreatedOnToolsVersion = 14.2;
					};
					ACE52B522B1821B800F2D926 = {
						CreatedOnToolsVersion = 14.2;
						TestTargetID = ACE52B412B1821B700F2D926;
					};
					ACE52B5C2B1821B800F2D926 = {
						CreatedOnToolsVersion = 14.2;
						TestTargetID = ACE52B412B1821B700F2D926;
					};
				};
			};
			buildConfigurationList = ACE52B3D2B1821B700F2D926 /* Build configuration list for PBXProject "SwiftWorkshopOne" */;
			compatibilityVersion = "Xcode 14.0";
			developmentRegion = en;
			hasScannedForEncodings = 0;
			knownRegions = (
				en,
				Base,
			);
			mainGroup = ACE52B392B1821B700F2D926;
			productRefGroup = ACE52B432B1821B700F2D926 /* Products */;
			projectDirPath = "";
			projectRoot = "";
			targets = (
				ACE52B412B1821B700F2D926 /* SwiftWorkshopOne */,
				ACE52B522B1821B800F2D926 /* SwiftWorkshopOneTests */,
				ACE52B5C2B1821B800F2D926 /* SwiftWorkshopOneUITests */,
			);
		};
/* End PBXProject section */

/* Begin PBXResourcesBuildPhase section */
		ACE52B402B1821B700F2D926 /* Resources */ = {
			isa = PBXResourcesBuildPhase;
			buildActionMask = 2147483647;
			files = (
				ACE52B4E2B1821B800F2D926 /* Preview Assets.xcassets in Resources */,
				ACE52B4A2B1821B800F2D926 /* Assets.xcassets in Resources */,
			);
			runOnlyForDeploymentPostprocessing = 0;
		};
		ACE52B512B1821B800F2D926 /* Resources */ = {
			isa = PBXResourcesBuildPhase;
			buildActionMask = 2147483647;
			files = (
			);
			runOnlyForDeploymentPostprocessing = 0;
		};
		ACE52B5B2B1821B800F2D926 /* Resources */ = {
			isa = PBXResourcesBuildPhase;
			buildActionMask = 2147483647;
			files = (
			);
			runOnlyForDeploymentPostprocessing = 0;
		};
/* End PBXResourcesBuildPhase section */

/* Begin PBXSourcesBuildPhase section */
		ACE52B3E2B1821B700F2D926 /* Sources */ = {
			isa = PBXSourcesBuildPhase;
			buildActionMask = 2147483647;
			files = (
				ACE52B482B1821B700F2D926 /* ContentView.swift in Sources */,
				ACE52B462B1821B700F2D926 /* SwiftWorkshopOneApp.swift in Sources */,
			);
			runOnlyForDeploymentPostprocessing = 0;
		};
		ACE52B4F2B1821B800F2D926 /* Sources */ = {
			isa = PBXSourcesBuildPhase;
			buildActionMask = 2147483647;
			files = (
				ACE52B582B1821B800F2D926 /* SwiftWorkshopOneTests.swift in Sources */,
			);
			runOnlyForDeploymentPostprocessing = 0;
		};
		ACE52B592B1821B800F2D926 /* Sources */ = {
			isa = PBXSourcesBuildPhase;
			buildActionMask = 2147483647;
			files = (
				ACE52B642B1821B800F2D926 /* SwiftWorkshopOneUITestsLaunchTests.swift in Sources */,
				ACE52B622B1821B800F2D926 /* SwiftWorkshopOneUITests.swift in Sources */,
			);
			runOnlyForDeploymentPostprocessing = 0;
		};
/* End PBXSourcesBuildPhase section */

/* Begin PBXTargetDependency section */
		ACE52B552B1821B800F2D926 /* PBXTargetDependency */ = {
			isa = PBXTargetDependency;
			target = ACE52B412B1821B700F2D926 /* SwiftWorkshopOne */;
			targetProxy = ACE52B542B1821B800F2D926 /* PBXContainerItemProxy */;
		};
		ACE52B5F2B1821B800F2D926 /* PBXTargetDependency */ = {
			isa = PBXTargetDependency;
			target = ACE52B412B1821B700F2D926 /* SwiftWorkshopOne */;
			targetProxy = ACE52B5E2B1821B800F2D926 /* PBXContainerItemProxy */;
		};
/* End PBXTargetDependency section */

/* Begin XCBuildConfiguration section */
		ACE52B652B1821B800F2D926 /* Debug */ = {
			isa = XCBuildConfiguration;
			buildSettings = {
				ALWAYS_SEARCH_USER_PATHS = NO;
				CLANG_ANALYZER_NONNULL = YES;
				CLANG_ANALYZER_NUMBER_OBJECT_CONVERSION = YES_AGGRESSIVE;
				CLANG_CXX_LANGUAGE_STANDARD = "gnu++20";
				CLANG_ENABLE_MODULES = YES;
				CLANG_ENABLE_OBJC_ARC = YES;
				CLANG_ENABLE_OBJC_WEAK = YES;
				CLANG_WARN_BLOCK_CAPTURE_AUTORELEASING = YES;
				CLANG_WARN_BOOL_CONVERSION = YES;
				CLANG_WARN_COMMA = YES;
				CLANG_WARN_CONSTANT_CONVERSION = YES;
				CLANG_WARN_DEPRECATED_OBJC_IMPLEMENTATIONS = YES;
				CLANG_WARN_DIRECT_OBJC_ISA_USAGE = YES_ERROR;
				CLANG_WARN_DOCUMENTATION_COMMENTS = YES;
				CLANG_WARN_EMPTY_BODY = YES;
				CLANG_WARN_ENUM_CONVERSION = YES;
				CLANG_WARN_INFINITE_RECURSION = YES;
				CLANG_WARN_INT_CONVERSION = YES;
				CLANG_WARN_NON_LITERAL_NULL_CONVERSION = YES;
				CLANG_WARN_OBJC_IMPLICIT_RETAIN_SELF = YES;
				CLANG_WARN_OBJC_LITERAL_CONVERSION = YES;
				CLANG_WARN_OBJC_ROOT_CLASS = YES_ERROR;
				CLANG_WARN_QUOTED_INCLUDE_IN_FRAMEWORK_HEADER = YES;
				CLANG_WARN_RANGE_LOOP_ANALYSIS = YES;
				CLANG_WARN_STRICT_PROTOTYPES = YES;
				CLANG_WARN_SUSPICIOUS_MOVE = YES;
				CLANG_WARN_UNGUARDED_AVAILABILITY = YES_AGGRESSIVE;
				CLANG_WARN_UNREACHABLE_CODE = YES;
				CLANG_WARN__DUPLICATE_METHOD_MATCH = YES;
				COPY_PHASE_STRIP = NO;
				DEBUG_INFORMATION_FORMAT = dwarf;
				ENABLE_STRICT_OBJC_MSGSEND = YES;
				ENABLE_TESTABILITY = YES;
				GCC_C_LANGUAGE_STANDARD = gnu11;
				GCC_DYNAMIC_NO_PIC = NO;
				GCC_NO_COMMON_BLOCKS = YES;
				GCC_OPTIMIZATION_LEVEL = 0;
				GCC_PREPROCESSOR_DEFINITIONS = (
					"DEBUG=1",
					"$(inherited)",
				);
				GCC_WARN_64_TO_32_BIT_CONVERSION = YES;
				GCC_WARN_ABOUT_RETURN_TYPE = YES_ERROR;
				GCC_WARN_UNDECLARED_SELECTOR = YES;
				GCC_WARN_UNINITIALIZED_AUTOS = YES_AGGRESSIVE;
				GCC_WARN_UNUSED_FUNCTION = YES;
				GCC_WARN_UNUSED_VARIABLE = YES;
				MTL_ENABLE_DEBUG_INFO = INCLUDE_SOURCE;
				MTL_FAST_MATH = YES;
				ONLY_ACTIVE_ARCH = YES;
				SWIFT_ACTIVE_COMPILATION_CONDITIONS = DEBUG;
				SWIFT_OPTIMIZATION_LEVEL = "-Onone";
			};
			name = Debug;
		};
		ACE52B662B1821B800F2D926 /* Release */ = {
			isa = XCBuildConfiguration;
			buildSettings = {
				ALWAYS_SEARCH_USER_PATHS = NO;
				CLANG_ANALYZER_NONNULL = YES;
				CLANG_ANALYZER_NUMBER_OBJECT_CONVERSION = YES_AGGRESSIVE;
				CLANG_CXX_LANGUAGE_STANDARD = "gnu++20";
				CLANG_ENABLE_MODULES = YES;
				CLANG_ENABLE_OBJC_ARC = YES;
				CLANG_ENABLE_OBJC_WEAK = YES;
				CLANG_WARN_BLOCK_CAPTURE_AUTORELEASING = YES;
				CLANG_WARN_BOOL_CONVERSION = YES;
				CLANG_WARN_COMMA = YES;
				CLANG_WARN_CONSTANT_CONVERSION = YES;
				CLANG_WARN_DEPRECATED_OBJC_IMPLEMENTATIONS = YES;
				CLANG_WARN_DIRECT_OBJC_ISA_USAGE = YES_ERROR;
				CLANG_WARN_DOCUMENTATION_COMMENTS = YES;
				CLANG_WARN_EMPTY_BODY = YES;
				CLANG_WARN_ENUM_CONVERSION = YES;
				CLANG_WARN_INFINITE_RECURSION = YES;
				CLANG_WARN_INT_CONVERSION = YES;
				CLANG_WARN_NON_LITERAL_NULL_CONVERSION = YES;
				CLANG_WARN_OBJC_IMPLICIT_RETAIN_SELF = YES;
				CLANG_WARN_OBJC_LITERAL_CONVERSION = YES;
				CLANG_WARN_OBJC_ROOT_CLASS = YES_ERROR;
				CLANG_WARN_QUOTED_INCLUDE_IN_FRAMEWORK_HEADER = YES;
				CLANG_WARN_RANGE_LOOP_ANALYSIS = YES;
				CLANG_WARN_STRICT_PROTOTYPES = YES;
				CLANG_WARN_SUSPICIOUS_MOVE = YES;
				CLANG_WARN_UNGUARDED_AVAILABILITY = YES_AGGRESSIVE;
				CLANG_WARN_UNREACHABLE_CODE = YES;
				CLANG_WARN__DUPLICATE_METHOD_MATCH = YES;
				COPY_PHASE_STRIP = NO;
				DEBUG_INFORMATION_FORMAT = "dwarf-with-dsym";
				ENABLE_NS_ASSERTIONS = NO;
				ENABLE_STRICT_OBJC_MSGSEND = YES;
				GCC_C_LANGUAGE_STANDARD = gnu11;
				GCC_NO_COMMON_BLOCKS = YES;
				GCC_WARN_64_TO_32_BIT_CONVERSION = YES;
				GCC_WARN_ABOUT_RETURN_TYPE = YES_ERROR;
				GCC_WARN_UNDECLARED_SELECTOR = YES;
				GCC_WARN_UNINITIALIZED_AUTOS = YES_AGGRESSIVE;
				GCC_WARN_UNUSED_FUNCTION = YES;
				GCC_WARN_UNUSED_VARIABLE = YES;
				MTL_ENABLE_DEBUG_INFO = NO;
				MTL_FAST_MATH = YES;
				SWIFT_COMPILATION_MODE = wholemodule;
				SWIFT_OPTIMIZATION_LEVEL = "-O";
			};
			name = Release;
		};
		ACE52B682B1821B800F2D926 /* Debug */ = {
			isa = XCBuildConfiguration;
			buildSettings = {
				ASSETCATALOG_COMPILER_APPICON_NAME = AppIcon;
				ASSETCATALOG_COMPILER_GLOBAL_ACCENT_COLOR_NAME = AccentColor;
				CODE_SIGN_ENTITLEMENTS = SwiftWorkshopOne/SwiftWorkshopOne.entitlements;
				CODE_SIGN_STYLE = Automatic;
				CURRENT_PROJECT_VERSION = 1;
				DEVELOPMENT_ASSET_PATHS = "\"SwiftWorkshopOne/Preview Content\"";
				DEVELOPMENT_TEAM = 2JZ7C3HHB9;
				ENABLE_HARDENED_RUNTIME = YES;
				ENABLE_PREVIEWS = YES;
				GENERATE_INFOPLIST_FILE = YES;
				"INFOPLIST_KEY_UIApplicationSceneManifest_Generation[sdk=iphoneos*]" = YES;
				"INFOPLIST_KEY_UIApplicationSceneManifest_Generation[sdk=iphonesimulator*]" = YES;
				"INFOPLIST_KEY_UIApplicationSupportsIndirectInputEvents[sdk=iphoneos*]" = YES;
				"INFOPLIST_KEY_UIApplicationSupportsIndirectInputEvents[sdk=iphonesimulator*]" = YES;
				"INFOPLIST_KEY_UILaunchScreen_Generation[sdk=iphoneos*]" = YES;
				"INFOPLIST_KEY_UILaunchScreen_Generation[sdk=iphonesimulator*]" = YES;
				"INFOPLIST_KEY_UIStatusBarStyle[sdk=iphoneos*]" = UIStatusBarStyleDefault;
				"INFOPLIST_KEY_UIStatusBarStyle[sdk=iphonesimulator*]" = UIStatusBarStyleDefault;
				INFOPLIST_KEY_UISupportedInterfaceOrientations_iPad = "UIInterfaceOrientationPortrait UIInterfaceOrientationPortraitUpsideDown UIInterfaceOrientationLandscapeLeft UIInterfaceOrientationLandscapeRight";
				INFOPLIST_KEY_UISupportedInterfaceOrientations_iPhone = "UIInterfaceOrientationPortrait UIInterfaceOrientationLandscapeLeft UIInterfaceOrientationLandscapeRight";
				IPHONEOS_DEPLOYMENT_TARGET = 16.2;
				LD_RUNPATH_SEARCH_PATHS = "@executable_path/Frameworks";
				"LD_RUNPATH_SEARCH_PATHS[sdk=macosx*]" = "@executable_path/../Frameworks";
				MACOSX_DEPLOYMENT_TARGET = 13.1;
				MARKETING_VERSION = 1.0;
				PRODUCT_BUNDLE_IDENTIFIER = com.puce.SwiftWorkshopOne;
				PRODUCT_NAME = "$(TARGET_NAME)";
				SDKROOT = auto;
				SUPPORTED_PLATFORMS = "iphoneos iphonesimulator macosx";
				SWIFT_EMIT_LOC_STRINGS = YES;
				SWIFT_VERSION = 5.0;
				TARGETED_DEVICE_FAMILY = "1,2";
			};
			name = Debug;
		};
		ACE52B692B1821B800F2D926 /* Release */ = {
			isa = XCBuildConfiguration;
			buildSettings = {
				ASSETCATALOG_COMPILER_APPICON_NAME = AppIcon;
				ASSETCATALOG_COMPILER_GLOBAL_ACCENT_COLOR_NAME = AccentColor;
				CODE_SIGN_ENTITLEMENTS = SwiftWorkshopOne/SwiftWorkshopOne.entitlements;
				CODE_SIGN_STYLE = Automatic;
				CURRENT_PROJECT_VERSION = 1;
				DEVELOPMENT_ASSET_PATHS = "\"SwiftWorkshopOne/Preview Content\"";
				DEVELOPMENT_TEAM = 2JZ7C3HHB9;
				ENABLE_HARDENED_RUNTIME = YES;
				ENABLE_PREVIEWS = YES;
				GENERATE_INFOPLIST_FILE = YES;
				"INFOPLIST_KEY_UIApplicationSceneManifest_Generation[sdk=iphoneos*]" = YES;
				"INFOPLIST_KEY_UIApplicationSceneManifest_Generation[sdk=iphonesimulator*]" = YES;
				"INFOPLIST_KEY_UIApplicationSupportsIndirectInputEvents[sdk=iphoneos*]" = YES;
				"INFOPLIST_KEY_UIApplicationSupportsIndirectInputEvents[sdk=iphonesimulator*]" = YES;
				"INFOPLIST_KEY_UILaunchScreen_Generation[sdk=iphoneos*]" = YES;
				"INFOPLIST_KEY_UILaunchScreen_Generation[sdk=iphonesimulator*]" = YES;
				"INFOPLIST_KEY_UIStatusBarStyle[sdk=iphoneos*]" = UIStatusBarStyleDefault;
				"INFOPLIST_KEY_UIStatusBarStyle[sdk=iphonesimulator*]" = UIStatusBarStyleDefault;
				INFOPLIST_KEY_UISupportedInterfaceOrientations_iPad = "UIInterfaceOrientationPortrait UIInterfaceOrientationPortraitUpsideDown UIInterfaceOrientationLandscapeLeft UIInterfaceOrientationLandscapeRight";
				INFOPLIST_KEY_UISupportedInterfaceOrientations_iPhone = "UIInterfaceOrientationPortrait UIInterfaceOrientationLandscapeLeft UIInterfaceOrientationLandscapeRight";
				IPHONEOS_DEPLOYMENT_TARGET = 16.2;
				LD_RUNPATH_SEARCH_PATHS = "@executable_path/Frameworks";
				"LD_RUNPATH_SEARCH_PATHS[sdk=macosx*]" = "@executable_path/../Frameworks";
				MACOSX_DEPLOYMENT_TARGET = 13.1;
				MARKETING_VERSION = 1.0;
				PRODUCT_BUNDLE_IDENTIFIER = com.puce.SwiftWorkshopOne;
				PRODUCT_NAME = "$(TARGET_NAME)";
				SDKROOT = auto;
				SUPPORTED_PLATFORMS = "iphoneos iphonesimulator macosx";
				SWIFT_EMIT_LOC_STRINGS = YES;
				SWIFT_VERSION = 5.0;
				TARGETED_DEVICE_FAMILY = "1,2";
			};
			name = Release;
		};
		ACE52B6B2B1821B800F2D926 /* Debug */ = {
			isa = XCBuildConfiguration;
			buildSettings = {
				ALWAYS_EMBED_SWIFT_STANDARD_LIBRARIES = YES;
				BUNDLE_LOADER = "$(TEST_HOST)";
				CODE_SIGN_STYLE = Automatic;
				CURRENT_PROJECT_VERSION = 1;
				DEVELOPMENT_TEAM = 2JZ7C3HHB9;
				GENERATE_INFOPLIST_FILE = YES;
				IPHONEOS_DEPLOYMENT_TARGET = 16.2;
				MACOSX_DEPLOYMENT_TARGET = 13.1;
				MARKETING_VERSION = 1.0;
				PRODUCT_BUNDLE_IDENTIFIER = com.puce.SwiftWorkshopOneTests;
				PRODUCT_NAME = "$(TARGET_NAME)";
				SDKROOT = auto;
				SUPPORTED_PLATFORMS = "iphoneos iphonesimulator macosx";
				SWIFT_EMIT_LOC_STRINGS = NO;
				SWIFT_VERSION = 5.0;
				TARGETED_DEVICE_FAMILY = "1,2";
				TEST_HOST = "$(BUILT_PRODUCTS_DIR)/SwiftWorkshopOne.app/$(BUNDLE_EXECUTABLE_FOLDER_PATH)/SwiftWorkshopOne";
			};
			name = Debug;
		};
		ACE52B6C2B1821B800F2D926 /* Release */ = {
			isa = XCBuildConfiguration;
			buildSettings = {
				ALWAYS_EMBED_SWIFT_STANDARD_LIBRARIES = YES;
				BUNDLE_LOADER = "$(TEST_HOST)";
				CODE_SIGN_STYLE = Automatic;
				CURRENT_PROJECT_VERSION = 1;
				DEVELOPMENT_TEAM = 2JZ7C3HHB9;
				GENERATE_INFOPLIST_FILE = YES;
				IPHONEOS_DEPLOYMENT_TARGET = 16.2;
				MACOSX_DEPLOYMENT_TARGET = 13.1;
				MARKETING_VERSION = 1.0;
				PRODUCT_BUNDLE_IDENTIFIER = com.puce.SwiftWorkshopOneTests;
				PRODUCT_NAME = "$(TARGET_NAME)";
				SDKROOT = auto;
				SUPPORTED_PLATFORMS = "iphoneos iphonesimulator macosx";
				SWIFT_EMIT_LOC_STRINGS = NO;
				SWIFT_VERSION = 5.0;
				TARGETED_DEVICE_FAMILY = "1,2";
				TEST_HOST = "$(BUILT_PRODUCTS_DIR)/SwiftWorkshopOne.app/$(BUNDLE_EXECUTABLE_FOLDER_PATH)/SwiftWorkshopOne";
			};
			name = Release;
		};
		ACE52B6E2B1821B800F2D926 /* Debug */ = {
			isa = XCBuildConfiguration;
			buildSettings = {
				ALWAYS_EMBED_SWIFT_STANDARD_LIBRARIES = YES;
				CODE_SIGN_STYLE = Automatic;
				CURRENT_PROJECT_VERSION = 1;
				DEVELOPMENT_TEAM = 2JZ7C3HHB9;
				GENERATE_INFOPLIST_FILE = YES;
				IPHONEOS_DEPLOYMENT_TARGET = 16.2;
				MACOSX_DEPLOYMENT_TARGET = 13.1;
				MARKETING_VERSION = 1.0;
				PRODUCT_BUNDLE_IDENTIFIER = com.puce.SwiftWorkshopOneUITests;
				PRODUCT_NAME = "$(TARGET_NAME)";
				SDKROOT = auto;
				SUPPORTED_PLATFORMS = "iphoneos iphonesimulator macosx";
				SWIFT_EMIT_LOC_STRINGS = NO;
				SWIFT_VERSION = 5.0;
				TARGETED_DEVICE_FAMILY = "1,2";
				TEST_TARGET_NAME = SwiftWorkshopOne;
			};
			name = Debug;
		};
		ACE52B6F2B1821B800F2D926 /* Release */ = {
			isa = XCBuildConfiguration;
			buildSettings = {
				ALWAYS_EMBED_SWIFT_STANDARD_LIBRARIES = YES;
				CODE_SIGN_STYLE = Automatic;
				CURRENT_PROJECT_VERSION = 1;
				DEVELOPMENT_TEAM = 2JZ7C3HHB9;
				GENERATE_INFOPLIST_FILE = YES;
				IPHONEOS_DEPLOYMENT_TARGET = 16.2;
				MACOSX_DEPLOYMENT_TARGET = 13.1;
				MARKETING_VERSION = 1.0;
				PRODUCT_BUNDLE_IDENTIFIER = com.puce.SwiftWorkshopOneUITests;
				PRODUCT_NAME = "$(TARGET_NAME)";
				SDKROOT = auto;
				SUPPORTED_PLATFORMS = "iphoneos iphonesimulator macosx";
				SWIFT_EMIT_LOC_STRINGS = NO;
				SWIFT_VERSION = 5.0;
				TARGETED_DEVICE_FAMILY = "1,2";
				TEST_TARGET_NAME = SwiftWorkshopOne;
			};
			name = Release;
		};
/* End XCBuildConfiguration section */

/* Begin XCConfigurationList section */
		ACE52B3D2B1821B700F2D926 /* Build configuration list for PBXProject "SwiftWorkshopOne" */ = {
			isa = XCConfigurationList;
			buildConfigurations = (
				ACE52B652B1821B800F2D926 /* Debug */,
				ACE52B662B1821B800F2D926 /* Release */,
			);
			defaultConfigurationIsVisible = 0;
			defaultConfigurationName = Release;
		};
		ACE52B672B1821B800F2D926 /* Build configuration list for PBXNativeTarget "SwiftWorkshopOne" */ = {
			isa = XCConfigurationList;
			buildConfigurations = (
				ACE52B682B1821B800F2D926 /* Debug */,
				ACE52B692B1821B800F2D926 /* Release */,
			);
			defaultConfigurationIsVisible = 0;
			defaultConfigurationName = Release;
		};
		ACE52B6A2B1821B800F2D926 /* Build configuration list for PBXNativeTarget "SwiftWorkshopOneTests" */ = {
			isa = XCConfigurationList;
			buildConfigurations = (
				ACE52B6B2B1821B800F2D926 /* Debug */,
				ACE52B6C2B1821B800F2D926 /* Release */,
			);
			defaultConfigurationIsVisible = 0;
			defaultConfigurationName = Release;
		};
		ACE52B6D2B1821B800F2D926 /* Build configuration list for PBXNativeTarget "SwiftWorkshopOneUITests" */ = {
			isa = XCConfigurationList;
			buildConfigurations = (
				ACE52B6E2B1821B800F2D926 /* Debug */,
				ACE52B6F2B1821B800F2D926 /* Release */,
			);
			defaultConfigurationIsVisible = 0;
			defaultConfigurationName = Release;
		};
/* End XCConfigurationList section */
	};
	rootObject = ACE52B3A2B1821B700F2D926 /* Project object */;
}
